// !$*UTF8*$!
{
	archiveVersion = 1;
	classes = {
	};
	objectVersion = 46;
	objects = {

/* Begin PBXBuildFile section */
		DAA7DD9718DA0B5000BA6C81 /* Foundation.framework in Frameworks */ = {isa = PBXBuildFile; fileRef = DAA7DD9618DA0B5000BA6C81 /* Foundation.framework */; };
		DAA7DD9918DA0B5000BA6C81 /* CoreGraphics.framework in Frameworks */ = {isa = PBXBuildFile; fileRef = DAA7DD9818DA0B5000BA6C81 /* CoreGraphics.framework */; };
		DAA7DD9B18DA0B5000BA6C81 /* UIKit.framework in Frameworks */ = {isa = PBXBuildFile; fileRef = DAA7DD9A18DA0B5000BA6C81 /* UIKit.framework */; };
		DAA7DDA118DA0B5000BA6C81 /* InfoPlist.strings in Resources */ = {isa = PBXBuildFile; fileRef = DAA7DD9F18DA0B5000BA6C81 /* InfoPlist.strings */; };
		DAA7DDA318DA0B5000BA6C81 /* main.m in Sources */ = {isa = PBXBuildFile; fileRef = DAA7DDA218DA0B5000BA6C81 /* main.m */; };
		DAA7DDA718DA0B5000BA6C81 /* AppDelegate.m in Sources */ = {isa = PBXBuildFile; fileRef = DAA7DDA618DA0B5000BA6C81 /* AppDelegate.m */; };
		DAA7DDAA18DA0B5000BA6C81 /* Main.storyboard in Resources */ = {isa = PBXBuildFile; fileRef = DAA7DDA818DA0B5000BA6C81 /* Main.storyboard */; };
		DAA7DDAD18DA0B5000BA6C81 /* ViewController.m in Sources */ = {isa = PBXBuildFile; fileRef = DAA7DDAC18DA0B5000BA6C81 /* ViewController.m */; };
		DAA7DDAF18DA0B5000BA6C81 /* Images.xcassets in Resources */ = {isa = PBXBuildFile; fileRef = DAA7DDAE18DA0B5000BA6C81 /* Images.xcassets */; };
		DAA7DDB618DA0B5100BA6C81 /* XCTest.framework in Frameworks */ = {isa = PBXBuildFile; fileRef = DAA7DDB518DA0B5100BA6C81 /* XCTest.framework */; };
		DAA7DDB718DA0B5100BA6C81 /* Foundation.framework in Frameworks */ = {isa = PBXBuildFile; fileRef = DAA7DD9618DA0B5000BA6C81 /* Foundation.framework */; };
		DAA7DDB818DA0B5100BA6C81 /* UIKit.framework in Frameworks */ = {isa = PBXBuildFile; fileRef = DAA7DD9A18DA0B5000BA6C81 /* UIKit.framework */; };
		DAA7DDC018DA0B5100BA6C81 /* InfoPlist.strings in Resources */ = {isa = PBXBuildFile; fileRef = DAA7DDBE18DA0B5100BA6C81 /* InfoPlist.strings */; };
		DAA7DDC218DA0B5100BA6C81 /* LoginScreenTests.m in Sources */ = {isa = PBXBuildFile; fileRef = DAA7DDC118DA0B5100BA6C81 /* LoginScreenTests.m */; };
/* End PBXBuildFile section */

/* Begin PBXContainerItemProxy section */
		DAA7DDB918DA0B5100BA6C81 /* PBXContainerItemProxy */ = {
			isa = PBXContainerItemProxy;
			containerPortal = DAA7DD8B18DA0B5000BA6C81 /* Project object */;
			proxyType = 1;
			remoteGlobalIDString = DAA7DD9218DA0B5000BA6C81;
			remoteInfo = LoginScreen;
		};
/* End PBXContainerItemProxy section */

/* Begin PBXFileReference section */
		DAA7DD9318DA0B5000BA6C81 /* LoginScreen - Part 1.app */ = {isa = PBXFileReference; explicitFileType = wrapper.application; includeInIndex = 0; path = "LoginScreen - Part 1.app"; sourceTree = BUILT_PRODUCTS_DIR; };
		DAA7DD9618DA0B5000BA6C81 /* Foundation.framework */ = {isa = PBXFileReference; lastKnownFileType = wrapper.framework; name = Foundation.framework; path = System/Library/Frameworks/Foundation.framework; sourceTree = SDKROOT; };
		DAA7DD9818DA0B5000BA6C81 /* CoreGraphics.framework */ = {isa = PBXFileReference; lastKnownFileType = wrapper.framework; name = CoreGraphics.framework; path = System/Library/Frameworks/CoreGraphics.framework; sourceTree = SDKROOT; };
		DAA7DD9A18DA0B5000BA6C81 /* UIKit.framework */ = {isa = PBXFileReference; lastKnownFileType = wrapper.framework; name = UIKit.framework; path = System/Library/Frameworks/UIKit.framework; sourceTree = SDKROOT; };
		DAA7DD9E18DA0B5000BA6C81 /* LoginScreen - Part 1-Info.plist */ = {isa = PBXFileReference; lastKnownFileType = text.plist.xml; path = "LoginScreen - Part 1-Info.plist"; sourceTree = "<group>"; };
		DAA7DDA018DA0B5000BA6C81 /* en */ = {isa = PBXFileReference; lastKnownFileType = text.plist.strings; name = en; path = en.lproj/InfoPlist.strings; sourceTree = "<group>"; };
		DAA7DDA218DA0B5000BA6C81 /* main.m */ = {isa = PBXFileReference; lastKnownFileType = sourcecode.c.objc; path = main.m; sourceTree = "<group>"; };
		DAA7DDA418DA0B5000BA6C81 /* LoginScreen - Part 1-Prefix.pch */ = {isa = PBXFileReference; lastKnownFileType = sourcecode.c.h; path = "LoginScreen - Part 1-Prefix.pch"; sourceTree = "<group>"; };
		DAA7DDA518DA0B5000BA6C81 /* AppDelegate.h */ = {isa = PBXFileReference; lastKnownFileType = sourcecode.c.h; path = AppDelegate.h; sourceTree = "<group>"; };
		DAA7DDA618DA0B5000BA6C81 /* AppDelegate.m */ = {isa = PBXFileReference; lastKnownFileType = sourcecode.c.objc; path = AppDelegate.m; sourceTree = "<group>"; };
		DAA7DDA918DA0B5000BA6C81 /* Base */ = {isa = PBXFileReference; lastKnownFileType = file.storyboard; name = Base; path = Base.lproj/Main.storyboard; sourceTree = "<group>"; };
		DAA7DDAB18DA0B5000BA6C81 /* ViewController.h */ = {isa = PBXFileReference; lastKnownFileType = sourcecode.c.h; path = ViewController.h; sourceTree = "<group>"; };
		DAA7DDAC18DA0B5000BA6C81 /* ViewController.m */ = {isa = PBXFileReference; lastKnownFileType = sourcecode.c.objc; path = ViewController.m; sourceTree = "<group>"; };
		DAA7DDAE18DA0B5000BA6C81 /* Images.xcassets */ = {isa = PBXFileReference; lastKnownFileType = folder.assetcatalog; path = Images.xcassets; sourceTree = "<group>"; };
		DAA7DDB418DA0B5100BA6C81 /* LoginScreen - Part 1Tests.xctest */ = {isa = PBXFileReference; explicitFileType = wrapper.cfbundle; includeInIndex = 0; path = "LoginScreen - Part 1Tests.xctest"; sourceTree = BUILT_PRODUCTS_DIR; };
		DAA7DDB518DA0B5100BA6C81 /* XCTest.framework */ = {isa = PBXFileReference; lastKnownFileType = wrapper.framework; name = XCTest.framework; path = Library/Frameworks/XCTest.framework; sourceTree = DEVELOPER_DIR; };
		DAA7DDBD18DA0B5100BA6C81 /* LoginScreen - Part 1Tests-Info.plist */ = {isa = PBXFileReference; lastKnownFileType = text.plist.xml; path = "LoginScreen - Part 1Tests-Info.plist"; sourceTree = "<group>"; };
		DAA7DDBF18DA0B5100BA6C81 /* en */ = {isa = PBXFileReference; lastKnownFileType = text.plist.strings; name = en; path = en.lproj/InfoPlist.strings; sourceTree = "<group>"; };
		DAA7DDC118DA0B5100BA6C81 /* LoginScreenTests.m */ = {isa = PBXFileReference; lastKnownFileType = sourcecode.c.objc; path = LoginScreenTests.m; sourceTree = "<group>"; };
/* End PBXFileReference section */

/* Begin PBXFrameworksBuildPhase section */
		DAA7DD9018DA0B5000BA6C81 /* Frameworks */ = {
			isa = PBXFrameworksBuildPhase;
			buildActionMask = 2147483647;
			files = (
				DAA7DD9918DA0B5000BA6C81 /* CoreGraphics.framework in Frameworks */,
				DAA7DD9B18DA0B5000BA6C81 /* UIKit.framework in Frameworks */,
				DAA7DD9718DA0B5000BA6C81 /* Foundation.framework in Frameworks */,
			);
			runOnlyForDeploymentPostprocessing = 0;
		};
		DAA7DDB118DA0B5100BA6C81 /* Frameworks */ = {
			isa = PBXFrameworksBuildPhase;
			buildActionMask = 2147483647;
			files = (
				DAA7DDB618DA0B5100BA6C81 /* XCTest.framework in Frameworks */,
				DAA7DDB818DA0B5100BA6C81 /* UIKit.framework in Frameworks */,
				DAA7DDB718DA0B5100BA6C81 /* Foundation.framework in Frameworks */,
			);
			runOnlyForDeploymentPostprocessing = 0;
		};
/* End PBXFrameworksBuildPhase section */

/* Begin PBXGroup section */
		DAA7DD8A18DA0B5000BA6C81 = {
			isa = PBXGroup;
			children = (
				DAA7DD9C18DA0B5000BA6C81 /* LoginScreen */,
				DAA7DDBB18DA0B5100BA6C81 /* LoginScreenTests */,
				DAA7DD9518DA0B5000BA6C81 /* Frameworks */,
				DAA7DD9418DA0B5000BA6C81 /* Products */,
			);
			sourceTree = "<group>";
		};
		DAA7DD9418DA0B5000BA6C81 /* Products */ = {
			isa = PBXGroup;
			children = (
				DAA7DD9318DA0B5000BA6C81 /* LoginScreen - Part 1.app */,
				DAA7DDB418DA0B5100BA6C81 /* LoginScreen - Part 1Tests.xctest */,
			);
			name = Products;
			sourceTree = "<group>";
		};
		DAA7DD9518DA0B5000BA6C81 /* Frameworks */ = {
			isa = PBXGroup;
			children = (
				DAA7DD9618DA0B5000BA6C81 /* Foundation.framework */,
				DAA7DD9818DA0B5000BA6C81 /* CoreGraphics.framework */,
				DAA7DD9A18DA0B5000BA6C81 /* UIKit.framework */,
				DAA7DDB518DA0B5100BA6C81 /* XCTest.framework */,
			);
			name = Frameworks;
			sourceTree = "<group>";
		};
		DAA7DD9C18DA0B5000BA6C81 /* LoginScreen */ = {
			isa = PBXGroup;
			children = (
				DAA7DDA518DA0B5000BA6C81 /* AppDelegate.h */,
				DAA7DDA618DA0B5000BA6C81 /* AppDelegate.m */,
				DAA7DDA818DA0B5000BA6C81 /* Main.storyboard */,
				DAA7DDAB18DA0B5000BA6C81 /* ViewController.h */,
				DAA7DDAC18DA0B5000BA6C81 /* ViewController.m */,
				DAA7DDAE18DA0B5000BA6C81 /* Images.xcassets */,
				DAA7DD9D18DA0B5000BA6C81 /* Supporting Files */,
			);
			path = LoginScreen;
			sourceTree = "<group>";
		};
		DAA7DD9D18DA0B5000BA6C81 /* Supporting Files */ = {
			isa = PBXGroup;
			children = (
				DAA7DD9E18DA0B5000BA6C81 /* LoginScreen - Part 1-Info.plist */,
				DAA7DD9F18DA0B5000BA6C81 /* InfoPlist.strings */,
				DAA7DDA218DA0B5000BA6C81 /* main.m */,
				DAA7DDA418DA0B5000BA6C81 /* LoginScreen - Part 1-Prefix.pch */,
			);
			name = "Supporting Files";
			sourceTree = "<group>";
		};
		DAA7DDBB18DA0B5100BA6C81 /* LoginScreenTests */ = {
			isa = PBXGroup;
			children = (
				DAA7DDC118DA0B5100BA6C81 /* LoginScreenTests.m */,
				DAA7DDBC18DA0B5100BA6C81 /* Supporting Files */,
			);
			path = LoginScreenTests;
			sourceTree = "<group>";
		};
		DAA7DDBC18DA0B5100BA6C81 /* Supporting Files */ = {
			isa = PBXGroup;
			children = (
				DAA7DDBD18DA0B5100BA6C81 /* LoginScreen - Part 1Tests-Info.plist */,
				DAA7DDBE18DA0B5100BA6C81 /* InfoPlist.strings */,
			);
			name = "Supporting Files";
			sourceTree = "<group>";
		};
/* End PBXGroup section */

/* Begin PBXNativeTarget section */
		DAA7DD9218DA0B5000BA6C81 /* LoginScreen - Part 1 */ = {
			isa = PBXNativeTarget;
			buildConfigurationList = DAA7DDC518DA0B5100BA6C81 /* Build configuration list for PBXNativeTarget "LoginScreen - Part 1" */;
			buildPhases = (
				DAA7DD8F18DA0B5000BA6C81 /* Sources */,
				DAA7DD9018DA0B5000BA6C81 /* Frameworks */,
				DAA7DD9118DA0B5000BA6C81 /* Resources */,
			);
			buildRules = (
			);
			dependencies = (
			);
			name = "LoginScreen - Part 1";
			productName = LoginScreen;
			productReference = DAA7DD9318DA0B5000BA6C81 /* LoginScreen - Part 1.app */;
			productType = "com.apple.product-type.application";
		};
		DAA7DDB318DA0B5100BA6C81 /* LoginScreen - Part 1Tests */ = {
			isa = PBXNativeTarget;
			buildConfigurationList = DAA7DDC818DA0B5100BA6C81 /* Build configuration list for PBXNativeTarget "LoginScreen - Part 1Tests" */;
			buildPhases = (
				DAA7DDB018DA0B5100BA6C81 /* Sources */,
				DAA7DDB118DA0B5100BA6C81 /* Frameworks */,
				DAA7DDB218DA0B5100BA6C81 /* Resources */,
			);
			buildRules = (
			);
			dependencies = (
				DAA7DDBA18DA0B5100BA6C81 /* PBXTargetDependency */,
			);
			name = "LoginScreen - Part 1Tests";
			productName = LoginScreenTests;
			productReference = DAA7DDB418DA0B5100BA6C81 /* LoginScreen - Part 1Tests.xctest */;
			productType = "com.apple.product-type.bundle.unit-test";
		};
/* End PBXNativeTarget section */

/* Begin PBXProject section */
		DAA7DD8B18DA0B5000BA6C81 /* Project object */ = {
			isa = PBXProject;
			attributes = {
				LastUpgradeCheck = 0510;
				ORGANIZATIONNAME = "Paul Solt";
				TargetAttributes = {
					DAA7DDB318DA0B5100BA6C81 = {
						TestTargetID = DAA7DD9218DA0B5000BA6C81;
					};
				};
			};
			buildConfigurationList = DAA7DD8E18DA0B5000BA6C81 /* Build configuration list for PBXProject "LoginScreen - Part 1" */;
			compatibilityVersion = "Xcode 3.2";
			developmentRegion = English;
			hasScannedForEncodings = 0;
			knownRegions = (
				en,
				Base,
			);
			mainGroup = DAA7DD8A18DA0B5000BA6C81;
			productRefGroup = DAA7DD9418DA0B5000BA6C81 /* Products */;
			projectDirPath = "";
			projectRoot = "";
			targets = (
				DAA7DD9218DA0B5000BA6C81 /* LoginScreen - Part 1 */,
				DAA7DDB318DA0B5100BA6C81 /* LoginScreen - Part 1Tests */,
			);
		};
/* End PBXProject section */

/* Begin PBXResourcesBuildPhase section */
		DAA7DD9118DA0B5000BA6C81 /* Resources */ = {
			isa = PBXResourcesBuildPhase;
			buildActionMask = 2147483647;
			files = (
				DAA7DDAF18DA0B5000BA6C81 /* Images.xcassets in Resources */,
				DAA7DDA118DA0B5000BA6C81 /* InfoPlist.strings in Resources */,
				DAA7DDAA18DA0B5000BA6C81 /* Main.storyboard in Resources */,
			);
			runOnlyForDeploymentPostprocessing = 0;
		};
		DAA7DDB218DA0B5100BA6C81 /* Resources */ = {
			isa = PBXResourcesBuildPhase;
			buildActionMask = 2147483647;
			files = (
				DAA7DDC018DA0B5100BA6C81 /* InfoPlist.strings in Resources */,
			);
			runOnlyForDeploymentPostprocessing = 0;
		};
/* End PBXResourcesBuildPhase section */

/* Begin PBXSourcesBuildPhase section */
		DAA7DD8F18DA0B5000BA6C81 /* Sources */ = {
			isa = PBXSourcesBuildPhase;
			buildActionMask = 2147483647;
			files = (
				DAA7DDAD18DA0B5000BA6C81 /* ViewController.m in Sources */,
				DAA7DDA718DA0B5000BA6C81 /* AppDelegate.m in Sources */,
				DAA7DDA318DA0B5000BA6C81 /* main.m in Sources */,
			);
			runOnlyForDeploymentPostprocessing = 0;
		};
		DAA7DDB018DA0B5100BA6C81 /* Sources */ = {
			isa = PBXSourcesBuildPhase;
			buildActionMask = 2147483647;
			files = (
				DAA7DDC218DA0B5100BA6C81 /* LoginScreenTests.m in Sources */,
			);
			runOnlyForDeploymentPostprocessing = 0;
		};
/* End PBXSourcesBuildPhase section */

/* Begin PBXTargetDependency section */
		DAA7DDBA18DA0B5100BA6C81 /* PBXTargetDependency */ = {
			isa = PBXTargetDependency;
			target = DAA7DD9218DA0B5000BA6C81 /* LoginScreen - Part 1 */;
			targetProxy = DAA7DDB918DA0B5100BA6C81 /* PBXContainerItemProxy */;
		};
/* End PBXTargetDependency section */

/* Begin PBXVariantGroup section */
		DAA7DD9F18DA0B5000BA6C81 /* InfoPlist.strings */ = {
			isa = PBXVariantGroup;
			children = (
				DAA7DDA018DA0B5000BA6C81 /* en */,
			);
			name = InfoPlist.strings;
			sourceTree = "<group>";
		};
		DAA7DDA818DA0B5000BA6C81 /* Main.storyboard */ = {
			isa = PBXVariantGroup;
			children = (
				DAA7DDA918DA0B5000BA6C81 /* Base */,
			);
			name = Main.storyboard;
			sourceTree = "<group>";
		};
		DAA7DDBE18DA0B5100BA6C81 /* InfoPlist.strings */ = {
			isa = PBXVariantGroup;
			children = (
				DAA7DDBF18DA0B5100BA6C81 /* en */,
			);
			name = InfoPlist.strings;
			sourceTree = "<group>";
		};
/* End PBXVariantGroup section */

/* Begin XCBuildConfiguration section */
		DAA7DDC318DA0B5100BA6C81 /* Debug */ = {
			isa = XCBuildConfiguration;
			buildSettings = {
				ALWAYS_SEARCH_USER_PATHS = NO;
				CLANG_CXX_LANGUAGE_STANDARD = "gnu++0x";
				CLANG_CXX_LIBRARY = "libc++";
				CLANG_ENABLE_MODULES = YES;
				CLANG_ENABLE_OBJC_ARC = YES;
				CLANG_WARN_BOOL_CONVERSION = YES;
				CLANG_WARN_CONSTANT_CONVERSION = YES;
				CLANG_WARN_DIRECT_OBJC_ISA_USAGE = YES_ERROR;
				CLANG_WARN_EMPTY_BODY = YES;
				CLANG_WARN_ENUM_CONVERSION = YES;
				CLANG_WARN_INT_CONVERSION = YES;
				CLANG_WARN_OBJC_ROOT_CLASS = YES_ERROR;
				CLANG_WARN__DUPLICATE_METHOD_MATCH = YES;
				"CODE_SIGN_IDENTITY[sdk=iphoneos*]" = "iPhone Developer";
				COPY_PHASE_STRIP = NO;
				GCC_C_LANGUAGE_STANDARD = gnu99;
				GCC_DYNAMIC_NO_PIC = NO;
				GCC_OPTIMIZATION_LEVEL = 0;
				GCC_PREPROCESSOR_DEFINITIONS = (
					"DEBUG=1",
					"$(inherited)",
				);
				GCC_SYMBOLS_PRIVATE_EXTERN = NO;
				GCC_WARN_64_TO_32_BIT_CONVERSION = YES;
				GCC_WARN_ABOUT_RETURN_TYPE = YES_ERROR;
				GCC_WARN_UNDECLARED_SELECTOR = YES;
				GCC_WARN_UNINITIALIZED_AUTOS = YES_AGGRESSIVE;
				GCC_WARN_UNUSED_FUNCTION = YES;
				GCC_WARN_UNUSED_VARIABLE = YES;
				IPHONEOS_DEPLOYMENT_TARGET = 7.1;
				ONLY_ACTIVE_ARCH = YES;
				SDKROOT = iphoneos;
			};
			name = Debug;
		};
		DAA7DDC418DA0B5100BA6C81 /* Release */ = {
			isa = XCBuildConfiguration;
			buildSettings = {
				ALWAYS_SEARCH_USER_PATHS = NO;
				CLANG_CXX_LANGUAGE_STANDARD = "gnu++0x";
				CLANG_CXX_LIBRARY = "libc++";
				CLANG_ENABLE_MODULES = YES;
				CLANG_ENABLE_OBJC_ARC = YES;
				CLANG_WARN_BOOL_CONVERSION = YES;
				CLANG_WARN_CONSTANT_CONVERSION = YES;
				CLANG_WARN_DIRECT_OBJC_ISA_USAGE = YES_ERROR;
				CLANG_WARN_EMPTY_BODY = YES;
				CLANG_WARN_ENUM_CONVERSION = YES;
				CLANG_WARN_INT_CONVERSION = YES;
				CLANG_WARN_OBJC_ROOT_CLASS = YES_ERROR;
				CLANG_WARN__DUPLICATE_METHOD_MATCH = YES;
				"CODE_SIGN_IDENTITY[sdk=iphoneos*]" = "iPhone Developer";
				COPY_PHASE_STRIP = YES;
				ENABLE_NS_ASSERTIONS = NO;
				GCC_C_LANGUAGE_STANDARD = gnu99;
				GCC_WARN_64_TO_32_BIT_CONVERSION = YES;
				GCC_WARN_ABOUT_RETURN_TYPE = YES_ERROR;
				GCC_WARN_UNDECLARED_SELECTOR = YES;
				GCC_WARN_UNINITIALIZED_AUTOS = YES_AGGRESSIVE;
				GCC_WARN_UNUSED_FUNCTION = YES;
				GCC_WARN_UNUSED_VARIABLE = YES;
				IPHONEOS_DEPLOYMENT_TARGET = 7.1;
				SDKROOT = iphoneos;
				VALIDATE_PRODUCT = YES;
			};
			name = Release;
		};
		DAA7DDC618DA0B5100BA6C81 /* Debug */ = {
			isa = XCBuildConfiguration;
			buildSettings = {
				ASSETCATALOG_COMPILER_APPICON_NAME = AppIcon;
				ASSETCATALOG_COMPILER_LAUNCHIMAGE_NAME = LaunchImage;
				GCC_PRECOMPILE_PREFIX_HEADER = YES;
				GCC_PREFIX_HEADER = "LoginScreen/LoginScreen - Part 1-Prefix.pch";
				INFOPLIST_FILE = "LoginScreen/LoginScreen - Part 1-Info.plist";
				PRODUCT_NAME = "LoginScreen - Part 1";
				WRAPPER_EXTENSION = app;
			};
			name = Debug;
		};
		DAA7DDC718DA0B5100BA6C81 /* Release */ = {
			isa = XCBuildConfiguration;
			buildSettings = {
				ASSETCATALOG_COMPILER_APPICON_NAME = AppIcon;
				ASSETCATALOG_COMPILER_LAUNCHIMAGE_NAME = LaunchImage;
				GCC_PRECOMPILE_PREFIX_HEADER = YES;
				GCC_PREFIX_HEADER = "LoginScreen/LoginScreen - Part 1-Prefix.pch";
				INFOPLIST_FILE = "LoginScreen/LoginScreen - Part 1-Info.plist";
				PRODUCT_NAME = "LoginScreen - Part 1";
				WRAPPER_EXTENSION = app;
			};
			name = Release;
		};
		DAA7DDC918DA0B5100BA6C81 /* Debug */ = {
			isa = XCBuildConfiguration;
			buildSettings = {
				BUNDLE_LOADER = "$(BUILT_PRODUCTS_DIR)/LoginScreen.app/LoginScreen";
				FRAMEWORK_SEARCH_PATHS = (
					"$(SDKROOT)/Developer/Library/Frameworks",
					"$(inherited)",
					"$(DEVELOPER_FRAMEWORKS_DIR)",
				);
				GCC_PRECOMPILE_PREFIX_HEADER = YES;
				GCC_PREFIX_HEADER = "LoginScreen/LoginScreen-Prefix.pch";
				GCC_PREPROCESSOR_DEFINITIONS = (
					"DEBUG=1",
					"$(inherited)",
				);
				INFOPLIST_FILE = "LoginScreenTests/LoginScreen - Part 1Tests-Info.plist";
				PRODUCT_NAME = "LoginScreen - Part 1Tests";
				TEST_HOST = "$(BUNDLE_LOADER)";
				WRAPPER_EXTENSION = xctest;
			};
			name = Debug;
		};
		DAA7DDCA18DA0B5100BA6C81 /* Release */ = {
			isa = XCBuildConfiguration;
			buildSettings = {
				BUNDLE_LOADER = "$(BUILT_PRODUCTS_DIR)/LoginScreen.app/LoginScreen";
				FRAMEWORK_SEARCH_PATHS = (
					"$(SDKROOT)/Developer/Library/Frameworks",
					"$(inherited)",
					"$(DEVELOPER_FRAMEWORKS_DIR)",
				);
				GCC_PRECOMPILE_PREFIX_HEADER = YES;
				GCC_PREFIX_HEADER = "LoginScreen/LoginScreen-Prefix.pch";
				INFOPLIST_FILE = "LoginScreenTests/LoginScreen - Part 1Tests-Info.plist";
				PRODUCT_NAME = "LoginScreen - Part 1Tests";
				TEST_HOST = "$(BUNDLE_LOADER)";
				WRAPPER_EXTENSION = xctest;
			};
			name = Release;
		};
/* End XCBuildConfiguration section */

/* Begin XCConfigurationList section */
		DAA7DD8E18DA0B5000BA6C81 /* Build configuration list for PBXProject "LoginScreen - Part 1" */ = {
			isa = XCConfigurationList;
			buildConfigurations = (
				DAA7DDC318DA0B5100BA6C81 /* Debug */,
				DAA7DDC418DA0B5100BA6C81 /* Release */,
			);
			defaultConfigurationIsVisible = 0;
			defaultConfigurationName = Release;
		};
		DAA7DDC518DA0B5100BA6C81 /* Build configuration list for PBXNativeTarget "LoginScreen - Part 1" */ = {
			isa = XCConfigurationList;
			buildConfigurations = (
				DAA7DDC618DA0B5100BA6C81 /* Debug */,
				DAA7DDC718DA0B5100BA6C81 /* Release */,
			);
			defaultConfigurationIsVisible = 0;
			defaultConfigurationName = Release;
		};
		DAA7DDC818DA0B5100BA6C81 /* Build configuration list for PBXNativeTarget "LoginScreen - Part 1Tests" */ = {
			isa = XCConfigurationList;
			buildConfigurations = (
				DAA7DDC918DA0B5100BA6C81 /* Debug */,
				DAA7DDCA18DA0B5100BA6C81 /* Release */,
			);
			defaultConfigurationIsVisible = 0;
			defaultConfigurationName = Release;
		};
/* End XCConfigurationList section */
	};
	rootObject = DAA7DD8B18DA0B5000BA6C81 /* Project object */;
}
